
Microsoft Visual Studio Solution File, Format Version 12.00
Project("{FAE04EC0-301F-11D3-BF4B-00C04F79EFBC}") = "Afina.Core", "Afina.Core\Afina.Core.csproj", "{BBC70244-5251-45C7-83D4-7CC8F017301F}"
EndProject
Project("{FAE04EC0-301F-11D3-BF4B-00C04F79EFBC}") = "Afina.Test", "Afina.Test\Afina.Test.csproj", "{D4BDDF39-C048-4E04-81D7-9C95ADDFE985}"
EndProject
Global
	GlobalSection(SolutionConfigurationPlatforms) = preSolution
		Debug|Any CPU = Debug|Any CPU
		Release|Any CPU = Release|Any CPU
	EndGlobalSection
	GlobalSection(ProjectConfigurationPlatforms) = postSolution
		{BBC70244-5251-45C7-83D4-7CC8F017301F}.Debug|Any CPU.ActiveCfg = Debug|Any CPU
		{BBC70244-5251-45C7-83D4-7CC8F017301F}.Debug|Any CPU.Build.0 = Debug|Any CPU
		{BBC70244-5251-45C7-83D4-7CC8F017301F}.Release|Any CPU.ActiveCfg = Release|Any CPU
		{BBC70244-5251-45C7-83D4-7CC8F017301F}.Release|Any CPU.Build.0 = Release|Any CPU
		{D4BDDF39-C048-4E04-81D7-9C95ADDFE985}.Debug|Any CPU.ActiveCfg = Debug|Any CPU
		{D4BDDF39-C048-4E04-81D7-9C95ADDFE985}.Debug|Any CPU.Build.0 = Debug|Any CPU
		{D4BDDF39-C048-4E04-81D7-9C95ADDFE985}.Release|Any CPU.ActiveCfg = Release|Any CPU
		{D4BDDF39-C048-4E04-81D7-9C95ADDFE985}.Release|Any CPU.Build.0 = Release|Any CPU
	EndGlobalSection
EndGlobal
